
Microsoft Visual Studio Solution File, Format Version 12.00
# Visual Studio Version 16
VisualStudioVersion = 16.0.29123.88
MinimumVisualStudioVersion = 10.0.40219.1
Project("{FAE04EC0-301F-11D3-BF4B-00C04F79EFBC}") = "ContosoUniversity", "ContosoUniversity\ContosoUniversity.csproj", "{8BE86883-4412-4F38-A263-98A59F0778B9}"
EndProject
Global
	GlobalSection(SolutionConfigurationPlatforms) = preSolution
		Debug|Any CPU = Debug|Any CPU
		Release|Any CPU = Release|Any CPU
	EndGlobalSection
	GlobalSection(ProjectConfigurationPlatforms) = postSolution
		{8BE86883-4412-4F38-A263-98A59F0778B9}.Debug|Any CPU.ActiveCfg = Debug|Any CPU
		{8BE86883-4412-4F38-A263-98A59F0778B9}.Debug|Any CPU.Build.0 = Debug|Any CPU
		{8BE86883-4412-4F38-A263-98A59F0778B9}.Release|Any CPU.ActiveCfg = Release|Any CPU
		{8BE86883-4412-4F38-A263-98A59F0778B9}.Release|Any CPU.Build.0 = Release|Any CPU
	EndGlobalSection
	GlobalSection(SolutionProperties) = preSolution
		HideSolutionNode = FALSE
	EndGlobalSection
	GlobalSection(ExtensibilityGlobals) = postSolution
		SolutionGuid = {96D501C0-AC2C-44D8-9ECF-389BA8C761E0}
	EndGlobalSection
EndGlobal
